
Microsoft Visual Studio Solution File, Format Version 12.00
# Visual Studio Version 16
VisualStudioVersion = 16.0.31025.194
MinimumVisualStudioVersion = 10.0.40219.1
Project("{FAE04EC0-301F-11D3-BF4B-00C04F79EFBC}") = "ConsoleApp7", "ConsoleApp7\ConsoleApp7.csproj", "{5332D4A9-0715-44C4-8BFD-0B652E1B7C91}"
EndProject
Project("{FAE04EC0-301F-11D3-BF4B-00C04F79EFBC}") = "CheckNumber", "CheckNumber\CheckNumber.csproj", "{3DBEA56C-8E2F-4AAD-86CE-B6405CCB336A}"
EndProject
Global
	GlobalSection(SolutionConfigurationPlatforms) = preSolution
		Debug|Any CPU = Debug|Any CPU
		Release|Any CPU = Release|Any CPU
	EndGlobalSection
	GlobalSection(ProjectConfigurationPlatforms) = postSolution
		{5332D4A9-0715-44C4-8BFD-0B652E1B7C91}.Debug|Any CPU.ActiveCfg = Debug|Any CPU
		{5332D4A9-0715-44C4-8BFD-0B652E1B7C91}.Debug|Any CPU.Build.0 = Debug|Any CPU
		{5332D4A9-0715-44C4-8BFD-0B652E1B7C91}.Release|Any CPU.ActiveCfg = Release|Any CPU
		{5332D4A9-0715-44C4-8BFD-0B652E1B7C91}.Release|Any CPU.Build.0 = Release|Any CPU
		{3DBEA56C-8E2F-4AAD-86CE-B6405CCB336A}.Debug|Any CPU.ActiveCfg = Debug|Any CPU
		{3DBEA56C-8E2F-4AAD-86CE-B6405CCB336A}.Debug|Any CPU.Build.0 = Debug|Any CPU
		{3DBEA56C-8E2F-4AAD-86CE-B6405CCB336A}.Release|Any CPU.ActiveCfg = Release|Any CPU
		{3DBEA56C-8E2F-4AAD-86CE-B6405CCB336A}.Release|Any CPU.Build.0 = Release|Any CPU
	EndGlobalSection
	GlobalSection(SolutionProperties) = preSolution
		HideSolutionNode = FALSE
	EndGlobalSection
	GlobalSection(ExtensibilityGlobals) = postSolution
		SolutionGuid = {FA575721-F245-44B7-97F3-9E06BD6B355E}
	EndGlobalSection
EndGlobal
